<?xml version="1.0" encoding="utf-8"?>
<Project ToolsVersion="4.0" xmlns="http://schemas.microsoft.com/developer/msbuild/2003">
  <ItemGroup>
    <Filter Include="Source Files">
      <UniqueIdentifier>{4FC737F1-C7A5-4376-A066-2A32D752A2FF}</UniqueIdentifier>
      <Extensions>cpp;c;cc;cxx;def;odl;idl;hpj;bat;asm;asmx</Extensions>
    </Filter>
    <Filter Include="Header Files">
      <UniqueIdentifier>{93995380-89BD-4b04-88EB-625FBE52EBFB}</UniqueIdentifier>
      <Extensions>h;hpp;hxx;hm;inl;inc;xsd</Extensions>
    </Filter>
    <Filter Include="Resource Files">
      <UniqueIdentifier>{67DA6AB6-F800-4c08-8B7A-83BB121AAD01}</UniqueIdentifier>
      <Extensions>rc;ico;cur;bmp;dlg;rc2;rct;bin;rgs;gif;jpg;jpeg;jpe;resx;tiff;tif;png;wav;mfcribbon-ms</Extensions>
    </Filter>
    <Filter Include="Source Files\pql">
      <UniqueIdentifier>{23f9ccaf-cf33-42c0-8062-3d795c5482d8}</UniqueIdentifier>
    </Filter>
    <Filter Include="Header Files\pql">
      <UniqueIdentifier>{58a32be6-c1ec-44bf-a3c7-72baee07f32d}</UniqueIdentifier>
    </Filter>
  </ItemGroup>
  <ItemGroup>
    <ClCompile Include="..\source\design_extractor.cpp">
      <Filter>Source Files</Filter>
    </ClCompile>
    <ClCompile Include="..\source\parser.cpp">
      <Filter>Source Files</Filter>
    </ClCompile>
    <ClCompile Include="..\source\pkb.cpp">
      <Filter>Source Files</Filter>
    </ClCompile>
    <ClCompile Include="..\source\t_node.cpp">
      <Filter>Source Files</Filter>
    </ClCompile>
    <ClCompile Include="..\source\tokenizer.cpp">
      <Filter>Source Files</Filter>
    </ClCompile>
    <ClCompile Include="..\source\var_table.cpp">
      <Filter>Source Files</Filter>
    </ClCompile>
    <ClCompile Include="..\source\stmt_table.cpp">
      <Filter>Source Files</Filter>
    </ClCompile>  
    <ClCompile Include="query.cpp">
      <Filter>Source Files\pql</Filter>
    </ClCompile>
    <ClCompile Include="declaration.cpp">
      <Filter>Source Files\pql</Filter>
    </ClCompile>
  </ItemGroup>
  <ItemGroup>
    <ClInclude Include="..\source\parser.h">
      <Filter>Header Files</Filter>
    </ClInclude>
    <ClInclude Include="..\source\pkb.h">
      <Filter>Header Files</Filter>
    </ClInclude>
    <ClInclude Include="..\source\t_node.h">
      <Filter>Header Files</Filter>
    </ClInclude>
    <ClInclude Include="..\source\tokenizer.h">
      <Filter>Header Files</Filter>
    </ClInclude>
    <ClInclude Include="..\source\var_table.h">
      <Filter>Header Files</Filter>
    </ClInclude>
    <ClInclude Include="..\source\stmt_table.h">
      <Filter>Header Files</Filter>
    </ClInclude>
    <ClInclude Include="..\source\statement.h">
      <Filter>Header Files</Filter>
    </ClInclude>
    <ClInclude Include="query.h">
      <Filter>Header Files\pql</Filter>
    </ClInclude>
    <ClInclude Include="declaration.h">
      <Filter>Header Files\pql</Filter>
    </ClInclude>
  </ItemGroup>
</Project>